
Microsoft Visual Studio Solution File, Format Version 12.00
# Visual Studio Version 16
VisualStudioVersion = 16.0.33529.622
MinimumVisualStudioVersion = 10.0.40219.1
Project("{FAE04EC0-301F-11D3-BF4B-00C04F79EFBC}") = "ClockType", "ClockType\ClockType.csproj", "{18A0D597-D054-4337-9297-3F176ED2C6CF}"
EndProject
Global
	GlobalSection(SolutionConfigurationPlatforms) = preSolution
		Debug|Any CPU = Debug|Any CPU
		Release|Any CPU = Release|Any CPU
	EndGlobalSection
	GlobalSection(ProjectConfigurationPlatforms) = postSolution
		{18A0D597-D054-4337-9297-3F176ED2C6CF}.Debug|Any CPU.ActiveCfg = Debug|Any CPU
		{18A0D597-D054-4337-9297-3F176ED2C6CF}.Debug|Any CPU.Build.0 = Debug|Any CPU
		{18A0D597-D054-4337-9297-3F176ED2C6CF}.Release|Any CPU.ActiveCfg = Release|Any CPU
		{18A0D597-D054-4337-9297-3F176ED2C6CF}.Release|Any CPU.Build.0 = Release|Any CPU
	EndGlobalSection
	GlobalSection(SolutionProperties) = preSolution
		HideSolutionNode = FALSE
	EndGlobalSection
	GlobalSection(ExtensibilityGlobals) = postSolution
		SolutionGuid = {E23EE21A-61BD-4133-989B-6CC21E85E7EE}
	EndGlobalSection
EndGlobal
