
Microsoft Visual Studio Solution File, Format Version 12.00
# Visual Studio Version 16
VisualStudioVersion = 16.0.33529.622
MinimumVisualStudioVersion = 10.0.40219.1
Project("{FAE04EC0-301F-11D3-BF4B-00C04F79EFBC}") = "Problem_02", "Problem_02\Problem_02.csproj", "{E9C04B1B-1CEA-49AB-8CF2-A243642A53D4}"
EndProject
Global
	GlobalSection(SolutionConfigurationPlatforms) = preSolution
		Debug|Any CPU = Debug|Any CPU
		Release|Any CPU = Release|Any CPU
	EndGlobalSection
	GlobalSection(ProjectConfigurationPlatforms) = postSolution
		{E9C04B1B-1CEA-49AB-8CF2-A243642A53D4}.Debug|Any CPU.ActiveCfg = Debug|Any CPU
		{E9C04B1B-1CEA-49AB-8CF2-A243642A53D4}.Debug|Any CPU.Build.0 = Debug|Any CPU
		{E9C04B1B-1CEA-49AB-8CF2-A243642A53D4}.Release|Any CPU.ActiveCfg = Release|Any CPU
		{E9C04B1B-1CEA-49AB-8CF2-A243642A53D4}.Release|Any CPU.Build.0 = Release|Any CPU
	EndGlobalSection
	GlobalSection(SolutionProperties) = preSolution
		HideSolutionNode = FALSE
	EndGlobalSection
	GlobalSection(ExtensibilityGlobals) = postSolution
		SolutionGuid = {D3C1AE41-0992-4F05-A763-BD4B61123758}
	EndGlobalSection
EndGlobal
