
Microsoft Visual Studio Solution File, Format Version 12.00
# Visual Studio Version 16
VisualStudioVersion = 16.0.33529.622
MinimumVisualStudioVersion = 10.0.40219.1
Project("{FAE04EC0-301F-11D3-BF4B-00C04F79EFBC}") = "Problem01", "Problem01\Problem01.csproj", "{2F94F129-FE99-4252-9C23-ABAA36C0866D}"
EndProject
Global
	GlobalSection(SolutionConfigurationPlatforms) = preSolution
		Debug|Any CPU = Debug|Any CPU
		Release|Any CPU = Release|Any CPU
	EndGlobalSection
	GlobalSection(ProjectConfigurationPlatforms) = postSolution
		{2F94F129-FE99-4252-9C23-ABAA36C0866D}.Debug|Any CPU.ActiveCfg = Debug|Any CPU
		{2F94F129-FE99-4252-9C23-ABAA36C0866D}.Debug|Any CPU.Build.0 = Debug|Any CPU
		{2F94F129-FE99-4252-9C23-ABAA36C0866D}.Release|Any CPU.ActiveCfg = Release|Any CPU
		{2F94F129-FE99-4252-9C23-ABAA36C0866D}.Release|Any CPU.Build.0 = Release|Any CPU
	EndGlobalSection
	GlobalSection(SolutionProperties) = preSolution
		HideSolutionNode = FALSE
	EndGlobalSection
	GlobalSection(ExtensibilityGlobals) = postSolution
		SolutionGuid = {28958F7C-2189-4E1E-95A2-4F13551016A7}
	EndGlobalSection
EndGlobal
