
Microsoft Visual Studio Solution File, Format Version 12.00
# Visual Studio Version 16
VisualStudioVersion = 16.0.33529.622
MinimumVisualStudioVersion = 10.0.40219.1
Project("{FAE04EC0-301F-11D3-BF4B-00C04F79EFBC}") = "Challenge", "Challenge\Challenge.csproj", "{D33690C1-7588-4296-A0C1-7AD96C4E3427}"
EndProject
Global
	GlobalSection(SolutionConfigurationPlatforms) = preSolution
		Debug|Any CPU = Debug|Any CPU
		Release|Any CPU = Release|Any CPU
	EndGlobalSection
	GlobalSection(ProjectConfigurationPlatforms) = postSolution
		{D33690C1-7588-4296-A0C1-7AD96C4E3427}.Debug|Any CPU.ActiveCfg = Debug|Any CPU
		{D33690C1-7588-4296-A0C1-7AD96C4E3427}.Debug|Any CPU.Build.0 = Debug|Any CPU
		{D33690C1-7588-4296-A0C1-7AD96C4E3427}.Release|Any CPU.ActiveCfg = Release|Any CPU
		{D33690C1-7588-4296-A0C1-7AD96C4E3427}.Release|Any CPU.Build.0 = Release|Any CPU
	EndGlobalSection
	GlobalSection(SolutionProperties) = preSolution
		HideSolutionNode = FALSE
	EndGlobalSection
	GlobalSection(ExtensibilityGlobals) = postSolution
		SolutionGuid = {7A6B92D6-D8C0-4422-84CA-A69C1D80CF57}
	EndGlobalSection
EndGlobal
