
Microsoft Visual Studio Solution File, Format Version 12.00
# Visual Studio Version 17
VisualStudioVersion = 17.6.33815.320
MinimumVisualStudioVersion = 10.0.40219.1
Project("{FAE04EC0-301F-11D3-BF4B-00C04F79EFBC}") = "Pacman", "Pacman\Pacman.csproj", "{F2C3F3C5-50CC-40BE-85E3-458D9A6A6750}"
EndProject
Global
	GlobalSection(SolutionConfigurationPlatforms) = preSolution
		Debug|Any CPU = Debug|Any CPU
		Release|Any CPU = Release|Any CPU
	EndGlobalSection
	GlobalSection(ProjectConfigurationPlatforms) = postSolution
		{F2C3F3C5-50CC-40BE-85E3-458D9A6A6750}.Debug|Any CPU.ActiveCfg = Debug|Any CPU
		{F2C3F3C5-50CC-40BE-85E3-458D9A6A6750}.Debug|Any CPU.Build.0 = Debug|Any CPU
		{F2C3F3C5-50CC-40BE-85E3-458D9A6A6750}.Release|Any CPU.ActiveCfg = Release|Any CPU
		{F2C3F3C5-50CC-40BE-85E3-458D9A6A6750}.Release|Any CPU.Build.0 = Release|Any CPU
	EndGlobalSection
	GlobalSection(SolutionProperties) = preSolution
		HideSolutionNode = FALSE
	EndGlobalSection
	GlobalSection(ExtensibilityGlobals) = postSolution
		SolutionGuid = {619F04AF-74AB-455D-A955-C59779C55514}
	EndGlobalSection
EndGlobal
