
Microsoft Visual Studio Solution File, Format Version 12.00
# Visual Studio Version 16
VisualStudioVersion = 16.0.33423.256
MinimumVisualStudioVersion = 10.0.40219.1
Project("{FAE04EC0-301F-11D3-BF4B-00C04F79EFBC}") = "test", "test\test.csproj", "{C40F9B6B-CD01-428F-9618-0E9F39E4908F}"
EndProject
Global
	GlobalSection(SolutionConfigurationPlatforms) = preSolution
		Debug|Any CPU = Debug|Any CPU
		Release|Any CPU = Release|Any CPU
	EndGlobalSection
	GlobalSection(ProjectConfigurationPlatforms) = postSolution
		{C40F9B6B-CD01-428F-9618-0E9F39E4908F}.Debug|Any CPU.ActiveCfg = Debug|Any CPU
		{C40F9B6B-CD01-428F-9618-0E9F39E4908F}.Debug|Any CPU.Build.0 = Debug|Any CPU
		{C40F9B6B-CD01-428F-9618-0E9F39E4908F}.Release|Any CPU.ActiveCfg = Release|Any CPU
		{C40F9B6B-CD01-428F-9618-0E9F39E4908F}.Release|Any CPU.Build.0 = Release|Any CPU
	EndGlobalSection
	GlobalSection(SolutionProperties) = preSolution
		HideSolutionNode = FALSE
	EndGlobalSection
	GlobalSection(ExtensibilityGlobals) = postSolution
		SolutionGuid = {647F39EE-B08F-4ADB-9D92-40793C20D2D6}
	EndGlobalSection
EndGlobal
