
Microsoft Visual Studio Solution File, Format Version 12.00
# Visual Studio Version 16
VisualStudioVersion = 16.0.33423.256
MinimumVisualStudioVersion = 10.0.40219.1
Project("{FAE04EC0-301F-11D3-BF4B-00C04F79EFBC}") = "Challenge 1", "Challenge 1\Challenge 1.csproj", "{13B2F79F-0C90-4C79-AA53-4A97A0015D0F}"
EndProject
Global
	GlobalSection(SolutionConfigurationPlatforms) = preSolution
		Debug|Any CPU = Debug|Any CPU
		Release|Any CPU = Release|Any CPU
	EndGlobalSection
	GlobalSection(ProjectConfigurationPlatforms) = postSolution
		{13B2F79F-0C90-4C79-AA53-4A97A0015D0F}.Debug|Any CPU.ActiveCfg = Debug|Any CPU
		{13B2F79F-0C90-4C79-AA53-4A97A0015D0F}.Debug|Any CPU.Build.0 = Debug|Any CPU
		{13B2F79F-0C90-4C79-AA53-4A97A0015D0F}.Release|Any CPU.ActiveCfg = Release|Any CPU
		{13B2F79F-0C90-4C79-AA53-4A97A0015D0F}.Release|Any CPU.Build.0 = Release|Any CPU
	EndGlobalSection
	GlobalSection(SolutionProperties) = preSolution
		HideSolutionNode = FALSE
	EndGlobalSection
	GlobalSection(ExtensibilityGlobals) = postSolution
		SolutionGuid = {6F4E6BDE-73C4-44B9-A952-75DB7E5BE9FA}
	EndGlobalSection
EndGlobal
