
Microsoft Visual Studio Solution File, Format Version 12.00
# Visual Studio Version 17
VisualStudioVersion = 17.6.33815.320
MinimumVisualStudioVersion = 10.0.40219.1
Project("{FAE04EC0-301F-11D3-BF4B-00C04F79EFBC}") = "Pacman", "Pacman\Pacman.csproj", "{B554A7A3-C481-49FA-BDAE-6E0B4DD0E51A}"
EndProject
Global
	GlobalSection(SolutionConfigurationPlatforms) = preSolution
		Debug|Any CPU = Debug|Any CPU
		Release|Any CPU = Release|Any CPU
	EndGlobalSection
	GlobalSection(ProjectConfigurationPlatforms) = postSolution
		{B554A7A3-C481-49FA-BDAE-6E0B4DD0E51A}.Debug|Any CPU.ActiveCfg = Debug|Any CPU
		{B554A7A3-C481-49FA-BDAE-6E0B4DD0E51A}.Debug|Any CPU.Build.0 = Debug|Any CPU
		{B554A7A3-C481-49FA-BDAE-6E0B4DD0E51A}.Release|Any CPU.ActiveCfg = Release|Any CPU
		{B554A7A3-C481-49FA-BDAE-6E0B4DD0E51A}.Release|Any CPU.Build.0 = Release|Any CPU
	EndGlobalSection
	GlobalSection(SolutionProperties) = preSolution
		HideSolutionNode = FALSE
	EndGlobalSection
	GlobalSection(ExtensibilityGlobals) = postSolution
		SolutionGuid = {30B2D927-EBFC-471B-971A-84C90F48AA88}
	EndGlobalSection
EndGlobal
