
Microsoft Visual Studio Solution File, Format Version 12.00
# Visual Studio Version 16
VisualStudioVersion = 16.0.33423.256
MinimumVisualStudioVersion = 10.0.40219.1
Project("{FAE04EC0-301F-11D3-BF4B-00C04F79EFBC}") = "Tasks", "Tasks\Tasks.csproj", "{33092502-8387-427C-97FC-FDF13213537C}"
EndProject
Global
	GlobalSection(SolutionConfigurationPlatforms) = preSolution
		Debug|Any CPU = Debug|Any CPU
		Release|Any CPU = Release|Any CPU
	EndGlobalSection
	GlobalSection(ProjectConfigurationPlatforms) = postSolution
		{33092502-8387-427C-97FC-FDF13213537C}.Debug|Any CPU.ActiveCfg = Debug|Any CPU
		{33092502-8387-427C-97FC-FDF13213537C}.Debug|Any CPU.Build.0 = Debug|Any CPU
		{33092502-8387-427C-97FC-FDF13213537C}.Release|Any CPU.ActiveCfg = Release|Any CPU
		{33092502-8387-427C-97FC-FDF13213537C}.Release|Any CPU.Build.0 = Release|Any CPU
	EndGlobalSection
	GlobalSection(SolutionProperties) = preSolution
		HideSolutionNode = FALSE
	EndGlobalSection
	GlobalSection(ExtensibilityGlobals) = postSolution
		SolutionGuid = {9F8F3ECB-A3F6-45DB-AAA3-67E1BE2AC006}
	EndGlobalSection
EndGlobal
