
Microsoft Visual Studio Solution File, Format Version 12.00
# Visual Studio Version 16
VisualStudioVersion = 16.0.33529.622
MinimumVisualStudioVersion = 10.0.40219.1
Project("{FAE04EC0-301F-11D3-BF4B-00C04F79EFBC}") = "Problem_02", "Problem_02\Problem_02.csproj", "{2C3299FB-D50D-4D2A-977D-601FC859F26E}"
EndProject
Global
	GlobalSection(SolutionConfigurationPlatforms) = preSolution
		Debug|Any CPU = Debug|Any CPU
		Release|Any CPU = Release|Any CPU
	EndGlobalSection
	GlobalSection(ProjectConfigurationPlatforms) = postSolution
		{2C3299FB-D50D-4D2A-977D-601FC859F26E}.Debug|Any CPU.ActiveCfg = Debug|Any CPU
		{2C3299FB-D50D-4D2A-977D-601FC859F26E}.Debug|Any CPU.Build.0 = Debug|Any CPU
		{2C3299FB-D50D-4D2A-977D-601FC859F26E}.Release|Any CPU.ActiveCfg = Release|Any CPU
		{2C3299FB-D50D-4D2A-977D-601FC859F26E}.Release|Any CPU.Build.0 = Release|Any CPU
	EndGlobalSection
	GlobalSection(SolutionProperties) = preSolution
		HideSolutionNode = FALSE
	EndGlobalSection
	GlobalSection(ExtensibilityGlobals) = postSolution
		SolutionGuid = {BBB0D697-A28E-40C1-A20C-AE9FB9ED9817}
	EndGlobalSection
EndGlobal
